
Microsoft Visual Studio Solution File, Format Version 12.00
# Visual Studio Version 16
VisualStudioVersion = 16.0.31702.278
MinimumVisualStudioVersion = 10.0.40219.1
Project("{8BC9CEB8-8B4A-11D0-8D11-00A0C91BC942}") = "KM_nonlinear_coup_codes_daralo", "KM_nonlinear_coup_codes_daralo.vcxproj", "{8FF10E35-A0ED-49E6-B73C-2684162B8A17}"
EndProject
Global
	GlobalSection(SolutionConfigurationPlatforms) = preSolution
		Debug|x64 = Debug|x64
		Debug|x86 = Debug|x86
		Release|x64 = Release|x64
		Release|x86 = Release|x86
	EndGlobalSection
	GlobalSection(ProjectConfigurationPlatforms) = postSolution
		{8FF10E35-A0ED-49E6-B73C-2684162B8A17}.Debug|x64.ActiveCfg = Debug|x64
		{8FF10E35-A0ED-49E6-B73C-2684162B8A17}.Debug|x64.Build.0 = Debug|x64
		{8FF10E35-A0ED-49E6-B73C-2684162B8A17}.Debug|x86.ActiveCfg = Debug|Win32
		{8FF10E35-A0ED-49E6-B73C-2684162B8A17}.Debug|x86.Build.0 = Debug|Win32
		{8FF10E35-A0ED-49E6-B73C-2684162B8A17}.Release|x64.ActiveCfg = Release|x64
		{8FF10E35-A0ED-49E6-B73C-2684162B8A17}.Release|x64.Build.0 = Release|x64
		{8FF10E35-A0ED-49E6-B73C-2684162B8A17}.Release|x86.ActiveCfg = Release|Win32
		{8FF10E35-A0ED-49E6-B73C-2684162B8A17}.Release|x86.Build.0 = Release|Win32
	EndGlobalSection
	GlobalSection(SolutionProperties) = preSolution
		HideSolutionNode = FALSE
	EndGlobalSection
	GlobalSection(ExtensibilityGlobals) = postSolution
		SolutionGuid = {BFFAEDAF-EA4C-4EEC-A702-D1D6ED980B31}
	EndGlobalSection
EndGlobal
